// !$*UTF8*$!
{
	archiveVersion = 1;
	classes = {
	};
	objectVersion = 56;
	objects = {

/* Begin PBXBuildFile section */
		6457123E2B68C406003BD1C7 /* Appetizers.swift in Sources */ = {isa = PBXBuildFile; fileRef = 6457123D2B68C406003BD1C7 /* Appetizers.swift */; };
		645712412B68D90B003BD1C7 /* AppetizerListCell.swift in Sources */ = {isa = PBXBuildFile; fileRef = 645712402B68D90B003BD1C7 /* AppetizerListCell.swift */; };
		645712432B68F8B6003BD1C7 /* NetworkManager.swift in Sources */ = {isa = PBXBuildFile; fileRef = 645712422B68F8B6003BD1C7 /* NetworkManager.swift */; };
		645712452B68FB15003BD1C7 /* APError.swift in Sources */ = {isa = PBXBuildFile; fileRef = 645712442B68FB15003BD1C7 /* APError.swift */; };
		64904CCA2B66AC660056C878 /* AppetizerApp.swift in Sources */ = {isa = PBXBuildFile; fileRef = 64904CC92B66AC660056C878 /* AppetizerApp.swift */; };
		64904CCC2B66AC660056C878 /* AppetizerTabView.swift in Sources */ = {isa = PBXBuildFile; fileRef = 64904CCB2B66AC660056C878 /* AppetizerTabView.swift */; };
		64904CCE2B66AC680056C878 /* Assets.xcassets in Resources */ = {isa = PBXBuildFile; fileRef = 64904CCD2B66AC680056C878 /* Assets.xcassets */; };
		64904CD12B66AC680056C878 /* Preview Assets.xcassets in Resources */ = {isa = PBXBuildFile; fileRef = 64904CD02B66AC680056C878 /* Preview Assets.xcassets */; };
		64904CD82B66AD3F0056C878 /* AppetizerListView.swift in Sources */ = {isa = PBXBuildFile; fileRef = 64904CD72B66AD3F0056C878 /* AppetizerListView.swift */; };
		64904CDA2B66AD670056C878 /* AccountView.swift in Sources */ = {isa = PBXBuildFile; fileRef = 64904CD92B66AD670056C878 /* AccountView.swift */; };
		64904CDC2B66AD760056C878 /* OrderView.swift in Sources */ = {isa = PBXBuildFile; fileRef = 64904CDB2B66AD760056C878 /* OrderView.swift */; };
		6498957A2B6BA37D008D6CFD /* AppetizerListViewMedel.swift in Sources */ = {isa = PBXBuildFile; fileRef = 649895792B6BA37D008D6CFD /* AppetizerListViewMedel.swift */; };
		6498957C2B6BA5B5008D6CFD /* Alert.swift in Sources */ = {isa = PBXBuildFile; fileRef = 6498957B2B6BA5B5008D6CFD /* Alert.swift */; };
		6498957E2B6BD0E3008D6CFD /* LoadingView.swift in Sources */ = {isa = PBXBuildFile; fileRef = 6498957D2B6BD0E3008D6CFD /* LoadingView.swift */; };
		649895802B6BD1DB008D6CFD /* Color+Ext.swift in Sources */ = {isa = PBXBuildFile; fileRef = 6498957F2B6BD1DB008D6CFD /* Color+Ext.swift */; };
		649895822B6BD765008D6CFD /* RemoteImage.swift in Sources */ = {isa = PBXBuildFile; fileRef = 649895812B6BD765008D6CFD /* RemoteImage.swift */; };
		649895912B6BDCB5008D6CFD /* AppetizerCardView.swift in Sources */ = {isa = PBXBuildFile; fileRef = 649895902B6BDCB5008D6CFD /* AppetizerCardView.swift */; };
/* End PBXBuildFile section */

/* Begin PBXFileReference section */
		6457123D2B68C406003BD1C7 /* Appetizers.swift */ = {isa = PBXFileReference; lastKnownFileType = sourcecode.swift; path = Appetizers.swift; sourceTree = "<group>"; };
		645712402B68D90B003BD1C7 /* AppetizerListCell.swift */ = {isa = PBXFileReference; lastKnownFileType = sourcecode.swift; path = AppetizerListCell.swift; sourceTree = "<group>"; };
		645712422B68F8B6003BD1C7 /* NetworkManager.swift */ = {isa = PBXFileReference; lastKnownFileType = sourcecode.swift; path = NetworkManager.swift; sourceTree = "<group>"; };
		645712442B68FB15003BD1C7 /* APError.swift */ = {isa = PBXFileReference; lastKnownFileType = sourcecode.swift; path = APError.swift; sourceTree = "<group>"; };
		64904CC62B66AC660056C878 /* Appetizer.app */ = {isa = PBXFileReference; explicitFileType = wrapper.application; includeInIndex = 0; path = Appetizer.app; sourceTree = BUILT_PRODUCTS_DIR; };
		64904CC92B66AC660056C878 /* AppetizerApp.swift */ = {isa = PBXFileReference; lastKnownFileType = sourcecode.swift; path = AppetizerApp.swift; sourceTree = "<group>"; };
		64904CCB2B66AC660056C878 /* AppetizerTabView.swift */ = {isa = PBXFileReference; lastKnownFileType = sourcecode.swift; path = AppetizerTabView.swift; sourceTree = "<group>"; };
		64904CCD2B66AC680056C878 /* Assets.xcassets */ = {isa = PBXFileReference; lastKnownFileType = folder.assetcatalog; path = Assets.xcassets; sourceTree = "<group>"; };
		64904CD02B66AC680056C878 /* Preview Assets.xcassets */ = {isa = PBXFileReference; lastKnownFileType = folder.assetcatalog; path = "Preview Assets.xcassets"; sourceTree = "<group>"; };
		64904CD72B66AD3F0056C878 /* AppetizerListView.swift */ = {isa = PBXFileReference; lastKnownFileType = sourcecode.swift; path = AppetizerListView.swift; sourceTree = "<group>"; };
		64904CD92B66AD670056C878 /* AccountView.swift */ = {isa = PBXFileReference; lastKnownFileType = sourcecode.swift; path = AccountView.swift; sourceTree = "<group>"; };
		64904CDB2B66AD760056C878 /* OrderView.swift */ = {isa = PBXFileReference; lastKnownFileType = sourcecode.swift; path = OrderView.swift; sourceTree = "<group>"; };
		649895792B6BA37D008D6CFD /* AppetizerListViewMedel.swift */ = {isa = PBXFileReference; lastKnownFileType = sourcecode.swift; path = AppetizerListViewMedel.swift; sourceTree = "<group>"; };
		6498957B2B6BA5B5008D6CFD /* Alert.swift */ = {isa = PBXFileReference; lastKnownFileType = sourcecode.swift; path = Alert.swift; sourceTree = "<group>"; };
		6498957D2B6BD0E3008D6CFD /* LoadingView.swift */ = {isa = PBXFileReference; lastKnownFileType = sourcecode.swift; path = LoadingView.swift; sourceTree = "<group>"; };
		6498957F2B6BD1DB008D6CFD /* Color+Ext.swift */ = {isa = PBXFileReference; lastKnownFileType = sourcecode.swift; path = "Color+Ext.swift"; sourceTree = "<group>"; };
		649895812B6BD765008D6CFD /* RemoteImage.swift */ = {isa = PBXFileReference; lastKnownFileType = sourcecode.swift; path = RemoteImage.swift; sourceTree = "<group>"; };
		649895902B6BDCB5008D6CFD /* AppetizerCardView.swift */ = {isa = PBXFileReference; lastKnownFileType = sourcecode.swift; path = AppetizerCardView.swift; sourceTree = "<group>"; };
/* End PBXFileReference section */

/* Begin PBXFrameworksBuildPhase section */
		64904CC32B66AC660056C878 /* Frameworks */ = {
			isa = PBXFrameworksBuildPhase;
			buildActionMask = 2147483647;
			files = (
			);
			runOnlyForDeploymentPostprocessing = 0;
		};
/* End PBXFrameworksBuildPhase section */

/* Begin PBXGroup section */
		64904CBD2B66AC660056C878 = {
			isa = PBXGroup;
			children = (
				64904CC82B66AC660056C878 /* Appetizer */,
				64904CC72B66AC660056C878 /* Products */,
			);
			sourceTree = "<group>";
		};
		64904CC72B66AC660056C878 /* Products */ = {
			isa = PBXGroup;
			children = (
				64904CC62B66AC660056C878 /* Appetizer.app */,
			);
			name = Products;
			sourceTree = "<group>";
		};
		64904CC82B66AC660056C878 /* Appetizer */ = {
			isa = PBXGroup;
			children = (
				6498958B2B6BDB9C008D6CFD /* Model */,
				649895872B6BDB48008D6CFD /* Utility */,
				6498958C2B6BDBC6008D6CFD /* Views */,
				649895832B6BDAF0008D6CFD /* Screen */,
				64904CC92B66AC660056C878 /* AppetizerApp.swift */,
				64904CCD2B66AC680056C878 /* Assets.xcassets */,
				64904CCF2B66AC680056C878 /* Preview Content */,
			);
			path = Appetizer;
			sourceTree = "<group>";
		};
		64904CCF2B66AC680056C878 /* Preview Content */ = {
			isa = PBXGroup;
			children = (
				64904CD02B66AC680056C878 /* Preview Assets.xcassets */,
			);
			path = "Preview Content";
			sourceTree = "<group>";
		};
		649895832B6BDAF0008D6CFD /* Screen */ = {
			isa = PBXGroup;
			children = (
				64904CCB2B66AC660056C878 /* AppetizerTabView.swift */,
				649895862B6BDB21008D6CFD /* OrderView */,
				649895852B6BDB17008D6CFD /* AccountView */,
				649895842B6BDB01008D6CFD /* AppetizerListView */,
			);
			path = Screen;
			sourceTree = "<group>";
		};
		649895842B6BDB01008D6CFD /* AppetizerListView */ = {
			isa = PBXGroup;
			children = (
				649895792B6BA37D008D6CFD /* AppetizerListViewMedel.swift */,
				64904CD72B66AD3F0056C878 /* AppetizerListView.swift */,
			);
			path = AppetizerListView;
			sourceTree = "<group>";
		};
		649895852B6BDB17008D6CFD /* AccountView */ = {
			isa = PBXGroup;
			children = (
				64904CD92B66AD670056C878 /* AccountView.swift */,
			);
			path = AccountView;
			sourceTree = "<group>";
		};
		649895862B6BDB21008D6CFD /* OrderView */ = {
			isa = PBXGroup;
			children = (
				64904CDB2B66AD760056C878 /* OrderView.swift */,
			);
			path = OrderView;
			sourceTree = "<group>";
		};
		649895872B6BDB48008D6CFD /* Utility */ = {
			isa = PBXGroup;
			children = (
				6498958A2B6BDB77008D6CFD /* Alert */,
				649895892B6BDB62008D6CFD /* Extensions */,
				649895882B6BDB55008D6CFD /* Manager */,
			);
			path = Utility;
			sourceTree = "<group>";
		};
		649895882B6BDB55008D6CFD /* Manager */ = {
			isa = PBXGroup;
			children = (
				645712422B68F8B6003BD1C7 /* NetworkManager.swift */,
			);
			path = Manager;
			sourceTree = "<group>";
		};
		649895892B6BDB62008D6CFD /* Extensions */ = {
			isa = PBXGroup;
			children = (
				6498957F2B6BD1DB008D6CFD /* Color+Ext.swift */,
			);
			path = Extensions;
			sourceTree = "<group>";
		};
		6498958A2B6BDB77008D6CFD /* Alert */ = {
			isa = PBXGroup;
			children = (
				645712442B68FB15003BD1C7 /* APError.swift */,
				6498957B2B6BA5B5008D6CFD /* Alert.swift */,
			);
			path = Alert;
			sourceTree = "<group>";
		};
		6498958B2B6BDB9C008D6CFD /* Model */ = {
			isa = PBXGroup;
			children = (
				6457123D2B68C406003BD1C7 /* Appetizers.swift */,
			);
			path = Model;
			sourceTree = "<group>";
		};
		6498958C2B6BDBC6008D6CFD /* Views */ = {
			isa = PBXGroup;
			children = (
				6498958F2B6BDBE2008D6CFD /* Image */,
				6498958E2B6BDBD2008D6CFD /* UIComponent  */,
				6498958D2B6BDBCC008D6CFD /* Cell */,
			);
			path = Views;
			sourceTree = "<group>";
		};
		6498958D2B6BDBCC008D6CFD /* Cell */ = {
			isa = PBXGroup;
			children = (
				645712402B68D90B003BD1C7 /* AppetizerListCell.swift */,
				649895902B6BDCB5008D6CFD /* AppetizerCardView.swift */,
			);
			path = Cell;
			sourceTree = "<group>";
		};
		6498958E2B6BDBD2008D6CFD /* UIComponent  */ = {
			isa = PBXGroup;
			children = (
				6498957D2B6BD0E3008D6CFD /* LoadingView.swift */,
			);
			path = "UIComponent ";
			sourceTree = "<group>";
		};
		6498958F2B6BDBE2008D6CFD /* Image */ = {
			isa = PBXGroup;
			children = (
				649895812B6BD765008D6CFD /* RemoteImage.swift */,
			);
			path = Image;
			sourceTree = "<group>";
		};
/* End PBXGroup section */

/* Begin PBXNativeTarget section */
		64904CC52B66AC660056C878 /* Appetizer */ = {
			isa = PBXNativeTarget;
			buildConfigurationList = 64904CD42B66AC680056C878 /* Build configuration list for PBXNativeTarget "Appetizer" */;
			buildPhases = (
				64904CC22B66AC660056C878 /* Sources */,
				64904CC32B66AC660056C878 /* Frameworks */,
				64904CC42B66AC660056C878 /* Resources */,
			);
			buildRules = (
			);
			dependencies = (
			);
			name = Appetizer;
			productName = Appetizer;
			productReference = 64904CC62B66AC660056C878 /* Appetizer.app */;
			productType = "com.apple.product-type.application";
		};
/* End PBXNativeTarget section */

/* Begin PBXProject section */
		64904CBE2B66AC660056C878 /* Project object */ = {
			isa = PBXProject;
			attributes = {
				BuildIndependentTargetsInParallel = 1;
				LastSwiftUpdateCheck = 1520;
				LastUpgradeCheck = 1520;
				TargetAttributes = {
					64904CC52B66AC660056C878 = {
						CreatedOnToolsVersion = 15.2;
					};
				};
			};
			buildConfigurationList = 64904CC12B66AC660056C878 /* Build configuration list for PBXProject "Appetizer" */;
			compatibilityVersion = "Xcode 14.0";
			developmentRegion = en;
			hasScannedForEncodings = 0;
			knownRegions = (
				en,
				Base,
			);
			mainGroup = 64904CBD2B66AC660056C878;
			productRefGroup = 64904CC72B66AC660056C878 /* Products */;
			projectDirPath = "";
			projectRoot = "";
			targets = (
				64904CC52B66AC660056C878 /* Appetizer */,
			);
		};
/* End PBXProject section */

/* Begin PBXResourcesBuildPhase section */
		64904CC42B66AC660056C878 /* Resources */ = {
			isa = PBXResourcesBuildPhase;
			buildActionMask = 2147483647;
			files = (
				64904CD12B66AC680056C878 /* Preview Assets.xcassets in Resources */,
				64904CCE2B66AC680056C878 /* Assets.xcassets in Resources */,
			);
			runOnlyForDeploymentPostprocessing = 0;
		};
/* End PBXResourcesBuildPhase section */

/* Begin PBXSourcesBuildPhase section */
		64904CC22B66AC660056C878 /* Sources */ = {
			isa = PBXSourcesBuildPhase;
			buildActionMask = 2147483647;
			files = (
				645712412B68D90B003BD1C7 /* AppetizerListCell.swift in Sources */,
				6498957A2B6BA37D008D6CFD /* AppetizerListViewMedel.swift in Sources */,
				645712452B68FB15003BD1C7 /* APError.swift in Sources */,
				64904CDA2B66AD670056C878 /* AccountView.swift in Sources */,
				649895802B6BD1DB008D6CFD /* Color+Ext.swift in Sources */,
				64904CCC2B66AC660056C878 /* AppetizerTabView.swift in Sources */,
				6498957E2B6BD0E3008D6CFD /* LoadingView.swift in Sources */,
				64904CCA2B66AC660056C878 /* AppetizerApp.swift in Sources */,
				649895912B6BDCB5008D6CFD /* AppetizerCardView.swift in Sources */,
				645712432B68F8B6003BD1C7 /* NetworkManager.swift in Sources */,
				649895822B6BD765008D6CFD /* RemoteImage.swift in Sources */,
				64904CD82B66AD3F0056C878 /* AppetizerListView.swift in Sources */,
				6498957C2B6BA5B5008D6CFD /* Alert.swift in Sources */,
				6457123E2B68C406003BD1C7 /* Appetizers.swift in Sources */,
				64904CDC2B66AD760056C878 /* OrderView.swift in Sources */,
			);
			runOnlyForDeploymentPostprocessing = 0;
		};
/* End PBXSourcesBuildPhase section */

/* Begin XCBuildConfiguration section */
		64904CD22B66AC680056C878 /* Debug */ = {
			isa = XCBuildConfiguration;
			buildSettings = {
				ALWAYS_SEARCH_USER_PATHS = NO;
				ASSETCATALOG_COMPILER_GENERATE_SWIFT_ASSET_SYMBOL_EXTENSIONS = YES;
				CLANG_ANALYZER_NONNULL = YES;
				CLANG_ANALYZER_NUMBER_OBJECT_CONVERSION = YES_AGGRESSIVE;
				CLANG_CXX_LANGUAGE_STANDARD = "gnu++20";
				CLANG_ENABLE_MODULES = YES;
				CLANG_ENABLE_OBJC_ARC = YES;
				CLANG_ENABLE_OBJC_WEAK = YES;
				CLANG_WARN_BLOCK_CAPTURE_AUTORELEASING = YES;
				CLANG_WARN_BOOL_CONVERSION = YES;
				CLANG_WARN_COMMA = YES;
				CLANG_WARN_CONSTANT_CONVERSION = YES;
				CLANG_WARN_DEPRECATED_OBJC_IMPLEMENTATIONS = YES;
				CLANG_WARN_DIRECT_OBJC_ISA_USAGE = YES_ERROR;
				CLANG_WARN_DOCUMENTATION_COMMENTS = YES;
				CLANG_WARN_EMPTY_BODY = YES;
				CLANG_WARN_ENUM_CONVERSION = YES;
				CLANG_WARN_INFINITE_RECURSION = YES;
				CLANG_WARN_INT_CONVERSION = YES;
				CLANG_WARN_NON_LITERAL_NULL_CONVERSION = YES;
				CLANG_WARN_OBJC_IMPLICIT_RETAIN_SELF = YES;
				CLANG_WARN_OBJC_LITERAL_CONVERSION = YES;
				CLANG_WARN_OBJC_ROOT_CLASS = YES_ERROR;
				CLANG_WARN_QUOTED_INCLUDE_IN_FRAMEWORK_HEADER = YES;
				CLANG_WARN_RANGE_LOOP_ANALYSIS = YES;
				CLANG_WARN_STRICT_PROTOTYPES = YES;
				CLANG_WARN_SUSPICIOUS_MOVE = YES;
				CLANG_WARN_UNGUARDED_AVAILABILITY = YES_AGGRESSIVE;
				CLANG_WARN_UNREACHABLE_CODE = YES;
				CLANG_WARN__DUPLICATE_METHOD_MATCH = YES;
				COPY_PHASE_STRIP = NO;
				DEBUG_INFORMATION_FORMAT = dwarf;
				ENABLE_STRICT_OBJC_MSGSEND = YES;
				ENABLE_TESTABILITY = YES;
				ENABLE_USER_SCRIPT_SANDBOXING = YES;
				GCC_C_LANGUAGE_STANDARD = gnu17;
				GCC_DYNAMIC_NO_PIC = NO;
				GCC_NO_COMMON_BLOCKS = YES;
				GCC_OPTIMIZATION_LEVEL = 0;
				GCC_PREPROCESSOR_DEFINITIONS = (
					"DEBUG=1",
					"$(inherited)",
				);
				GCC_WARN_64_TO_32_BIT_CONVERSION = YES;
				GCC_WARN_ABOUT_RETURN_TYPE = YES_ERROR;
				GCC_WARN_UNDECLARED_SELECTOR = YES;
				GCC_WARN_UNINITIALIZED_AUTOS = YES_AGGRESSIVE;
				GCC_WARN_UNUSED_FUNCTION = YES;
				GCC_WARN_UNUSED_VARIABLE = YES;
				IPHONEOS_DEPLOYMENT_TARGET = 17.2;
				LOCALIZATION_PREFERS_STRING_CATALOGS = YES;
				MTL_ENABLE_DEBUG_INFO = INCLUDE_SOURCE;
				MTL_FAST_MATH = YES;
				ONLY_ACTIVE_ARCH = YES;
				SDKROOT = iphoneos;
				SWIFT_ACTIVE_COMPILATION_CONDITIONS = "DEBUG $(inherited)";
				SWIFT_OPTIMIZATION_LEVEL = "-Onone";
			};
			name = Debug;
		};
		64904CD32B66AC680056C878 /* Release */ = {
			isa = XCBuildConfiguration;
			buildSettings = {
				ALWAYS_SEARCH_USER_PATHS = NO;
				ASSETCATALOG_COMPILER_GENERATE_SWIFT_ASSET_SYMBOL_EXTENSIONS = YES;
				CLANG_ANALYZER_NONNULL = YES;
				CLANG_ANALYZER_NUMBER_OBJECT_CONVERSION = YES_AGGRESSIVE;
				CLANG_CXX_LANGUAGE_STANDARD = "gnu++20";
				CLANG_ENABLE_MODULES = YES;
				CLANG_ENABLE_OBJC_ARC = YES;
				CLANG_ENABLE_OBJC_WEAK = YES;
				CLANG_WARN_BLOCK_CAPTURE_AUTORELEASING = YES;
				CLANG_WARN_BOOL_CONVERSION = YES;
				CLANG_WARN_COMMA = YES;
				CLANG_WARN_CONSTANT_CONVERSION = YES;
				CLANG_WARN_DEPRECATED_OBJC_IMPLEMENTATIONS = YES;
				CLANG_WARN_DIRECT_OBJC_ISA_USAGE = YES_ERROR;
				CLANG_WARN_DOCUMENTATION_COMMENTS = YES;
				CLANG_WARN_EMPTY_BODY = YES;
				CLANG_WARN_ENUM_CONVERSION = YES;
				CLANG_WARN_INFINITE_RECURSION = YES;
				CLANG_WARN_INT_CONVERSION = YES;
				CLANG_WARN_NON_LITERAL_NULL_CONVERSION = YES;
				CLANG_WARN_OBJC_IMPLICIT_RETAIN_SELF = YES;
				CLANG_WARN_OBJC_LITERAL_CONVERSION = YES;
				CLANG_WARN_OBJC_ROOT_CLASS = YES_ERROR;
				CLANG_WARN_QUOTED_INCLUDE_IN_FRAMEWORK_HEADER = YES;
				CLANG_WARN_RANGE_LOOP_ANALYSIS = YES;
				CLANG_WARN_STRICT_PROTOTYPES = YES;
				CLANG_WARN_SUSPICIOUS_MOVE = YES;
				CLANG_WARN_UNGUARDED_AVAILABILITY = YES_AGGRESSIVE;
				CLANG_WARN_UNREACHABLE_CODE = YES;
				CLANG_WARN__DUPLICATE_METHOD_MATCH = YES;
				COPY_PHASE_STRIP = NO;
				DEBUG_INFORMATION_FORMAT = "dwarf-with-dsym";
				ENABLE_NS_ASSERTIONS = NO;
				ENABLE_STRICT_OBJC_MSGSEND = YES;
				ENABLE_USER_SCRIPT_SANDBOXING = YES;
				GCC_C_LANGUAGE_STANDARD = gnu17;
				GCC_NO_COMMON_BLOCKS = YES;
				GCC_WARN_64_TO_32_BIT_CONVERSION = YES;
				GCC_WARN_ABOUT_RETURN_TYPE = YES_ERROR;
				GCC_WARN_UNDECLARED_SELECTOR = YES;
				GCC_WARN_UNINITIALIZED_AUTOS = YES_AGGRESSIVE;
				GCC_WARN_UNUSED_FUNCTION = YES;
				GCC_WARN_UNUSED_VARIABLE = YES;
				IPHONEOS_DEPLOYMENT_TARGET = 17.2;
				LOCALIZATION_PREFERS_STRING_CATALOGS = YES;
				MTL_ENABLE_DEBUG_INFO = NO;
				MTL_FAST_MATH = YES;
				SDKROOT = iphoneos;
				SWIFT_COMPILATION_MODE = wholemodule;
				VALIDATE_PRODUCT = YES;
			};
			name = Release;
		};
		64904CD52B66AC680056C878 /* Debug */ = {
			isa = XCBuildConfiguration;
			buildSettings = {
				ASSETCATALOG_COMPILER_APPICON_NAME = AppIcon;
				ASSETCATALOG_COMPILER_GLOBAL_ACCENT_COLOR_NAME = AccentColor;
				CODE_SIGN_STYLE = Automatic;
				CURRENT_PROJECT_VERSION = 1;
				DEVELOPMENT_ASSET_PATHS = "\"Appetizer/Preview Content\"";
				DEVELOPMENT_TEAM = H4X7G96ZKF;
				ENABLE_PREVIEWS = YES;
				GENERATE_INFOPLIST_FILE = YES;
				INFOPLIST_KEY_UIApplicationSceneManifest_Generation = YES;
				INFOPLIST_KEY_UIApplicationSupportsIndirectInputEvents = YES;
				INFOPLIST_KEY_UILaunchScreen_Generation = YES;
				INFOPLIST_KEY_UISupportedInterfaceOrientations_iPad = "UIInterfaceOrientationPortrait UIInterfaceOrientationPortraitUpsideDown UIInterfaceOrientationLandscapeLeft UIInterfaceOrientationLandscapeRight";
				INFOPLIST_KEY_UISupportedInterfaceOrientations_iPhone = "UIInterfaceOrientationPortrait UIInterfaceOrientationLandscapeLeft UIInterfaceOrientationLandscapeRight";
				LD_RUNPATH_SEARCH_PATHS = (
					"$(inherited)",
					"@executable_path/Frameworks",
				);
				MARKETING_VERSION = 1.0;
				PRODUCT_BUNDLE_IDENTIFIER = com.palatipjant.Appetizer;
				PRODUCT_NAME = "$(TARGET_NAME)";
				SWIFT_EMIT_LOC_STRINGS = YES;
				SWIFT_VERSION = 5.0;
				TARGETED_DEVICE_FAMILY = "1,2";
			};
			name = Debug;
		};
		64904CD62B66AC680056C878 /* Release */ = {
			isa = XCBuildConfiguration;
			buildSettings = {
				ASSETCATALOG_COMPILER_APPICON_NAME = AppIcon;
				ASSETCATALOG_COMPILER_GLOBAL_ACCENT_COLOR_NAME = AccentColor;
				CODE_SIGN_STYLE = Automatic;
				CURRENT_PROJECT_VERSION = 1;
				DEVELOPMENT_ASSET_PATHS = "\"Appetizer/Preview Content\"";
				DEVELOPMENT_TEAM = H4X7G96ZKF;
				ENABLE_PREVIEWS = YES;
				GENERATE_INFOPLIST_FILE = YES;
				INFOPLIST_KEY_UIApplicationSceneManifest_Generation = YES;
				INFOPLIST_KEY_UIApplicationSupportsIndirectInputEvents = YES;
				INFOPLIST_KEY_UILaunchScreen_Generation = YES;
				INFOPLIST_KEY_UISupportedInterfaceOrientations_iPad = "UIInterfaceOrientationPortrait UIInterfaceOrientationPortraitUpsideDown UIInterfaceOrientationLandscapeLeft UIInterfaceOrientationLandscapeRight";
				INFOPLIST_KEY_UISupportedInterfaceOrientations_iPhone = "UIInterfaceOrientationPortrait UIInterfaceOrientationLandscapeLeft UIInterfaceOrientationLandscapeRight";
				LD_RUNPATH_SEARCH_PATHS = (
					"$(inherited)",
					"@executable_path/Frameworks",
				);
				MARKETING_VERSION = 1.0;
				PRODUCT_BUNDLE_IDENTIFIER = com.palatipjant.Appetizer;
				PRODUCT_NAME = "$(TARGET_NAME)";
				SWIFT_EMIT_LOC_STRINGS = YES;
				SWIFT_VERSION = 5.0;
				TARGETED_DEVICE_FAMILY = "1,2";
			};
			name = Release;
		};
/* End XCBuildConfiguration section */

/* Begin XCConfigurationList section */
		64904CC12B66AC660056C878 /* Build configuration list for PBXProject "Appetizer" */ = {
			isa = XCConfigurationList;
			buildConfigurations = (
				64904CD22B66AC680056C878 /* Debug */,
				64904CD32B66AC680056C878 /* Release */,
			);
			defaultConfigurationIsVisible = 0;
			defaultConfigurationName = Release;
		};
		64904CD42B66AC680056C878 /* Build configuration list for PBXNativeTarget "Appetizer" */ = {
			isa = XCConfigurationList;
			buildConfigurations = (
				64904CD52B66AC680056C878 /* Debug */,
				64904CD62B66AC680056C878 /* Release */,
			);
			defaultConfigurationIsVisible = 0;
			defaultConfigurationName = Release;
		};
/* End XCConfigurationList section */
	};
	rootObject = 64904CBE2B66AC660056C878 /* Project object */;
}
